
Microsoft Visual Studio Solution File, Format Version 12.00
# Visual Studio Version 17
VisualStudioVersion = 17.9.34701.34
MinimumVisualStudioVersion = 10.0.40219.1
Project("{FAE04EC0-301F-11D3-BF4B-00C04F79EFBC}") = "Task1", "Task1\Task1.csproj", "{B6E46606-5F5B-4C70-812D-510824433387}"
EndProject
Project("{FAE04EC0-301F-11D3-BF4B-00C04F79EFBC}") = "Task2", "Task2\Task2.csproj", "{5ECC8DF1-137A-4044-B525-ABC90ADB78B9}"
EndProject
Project("{FAE04EC0-301F-11D3-BF4B-00C04F79EFBC}") = "Task3", "Task3\Task3.csproj", "{0EF6A96C-E822-4639-A3A4-8780F58B3412}"
EndProject
Global
	GlobalSection(SolutionConfigurationPlatforms) = preSolution
		Debug|Any CPU = Debug|Any CPU
		Release|Any CPU = Release|Any CPU
	EndGlobalSection
	GlobalSection(ProjectConfigurationPlatforms) = postSolution
		{B6E46606-5F5B-4C70-812D-510824433387}.Debug|Any CPU.ActiveCfg = Debug|Any CPU
		{B6E46606-5F5B-4C70-812D-510824433387}.Debug|Any CPU.Build.0 = Debug|Any CPU
		{B6E46606-5F5B-4C70-812D-510824433387}.Release|Any CPU.ActiveCfg = Release|Any CPU
		{B6E46606-5F5B-4C70-812D-510824433387}.Release|Any CPU.Build.0 = Release|Any CPU
		{5ECC8DF1-137A-4044-B525-ABC90ADB78B9}.Debug|Any CPU.ActiveCfg = Debug|Any CPU
		{5ECC8DF1-137A-4044-B525-ABC90ADB78B9}.Debug|Any CPU.Build.0 = Debug|Any CPU
		{5ECC8DF1-137A-4044-B525-ABC90ADB78B9}.Release|Any CPU.ActiveCfg = Release|Any CPU
		{5ECC8DF1-137A-4044-B525-ABC90ADB78B9}.Release|Any CPU.Build.0 = Release|Any CPU
		{0EF6A96C-E822-4639-A3A4-8780F58B3412}.Debug|Any CPU.ActiveCfg = Debug|Any CPU
		{0EF6A96C-E822-4639-A3A4-8780F58B3412}.Debug|Any CPU.Build.0 = Debug|Any CPU
		{0EF6A96C-E822-4639-A3A4-8780F58B3412}.Release|Any CPU.ActiveCfg = Release|Any CPU
		{0EF6A96C-E822-4639-A3A4-8780F58B3412}.Release|Any CPU.Build.0 = Release|Any CPU
	EndGlobalSection
	GlobalSection(SolutionProperties) = preSolution
		HideSolutionNode = FALSE
	EndGlobalSection
	GlobalSection(ExtensibilityGlobals) = postSolution
		SolutionGuid = {A99BBBE3-5025-4732-A7C7-5A4CEF093F8C}
	EndGlobalSection
EndGlobal
