
Microsoft Visual Studio Solution File, Format Version 12.00
# Visual Studio Version 17
VisualStudioVersion = 17.8.34601.278
MinimumVisualStudioVersion = 10.0.40219.1
Project("{FAE04EC0-301F-11D3-BF4B-00C04F79EFBC}") = "Task1", "Task1\Task1.csproj", "{7F3A6C00-136D-4610-B85C-9A6341BE2800}"
EndProject
Project("{FAE04EC0-301F-11D3-BF4B-00C04F79EFBC}") = "Task2", "Task2\Task2.csproj", "{0D1F122B-B8F3-4ED3-8E3A-1A3EC01478F0}"
EndProject
Project("{FAE04EC0-301F-11D3-BF4B-00C04F79EFBC}") = "Task3", "Task3\Task3.csproj", "{FE3F1D81-521A-4655-875B-85AC09A29617}"
EndProject
Global
	GlobalSection(SolutionConfigurationPlatforms) = preSolution
		Debug|Any CPU = Debug|Any CPU
		Release|Any CPU = Release|Any CPU
	EndGlobalSection
	GlobalSection(ProjectConfigurationPlatforms) = postSolution
		{7F3A6C00-136D-4610-B85C-9A6341BE2800}.Debug|Any CPU.ActiveCfg = Debug|Any CPU
		{7F3A6C00-136D-4610-B85C-9A6341BE2800}.Debug|Any CPU.Build.0 = Debug|Any CPU
		{7F3A6C00-136D-4610-B85C-9A6341BE2800}.Release|Any CPU.ActiveCfg = Release|Any CPU
		{7F3A6C00-136D-4610-B85C-9A6341BE2800}.Release|Any CPU.Build.0 = Release|Any CPU
		{0D1F122B-B8F3-4ED3-8E3A-1A3EC01478F0}.Debug|Any CPU.ActiveCfg = Debug|Any CPU
		{0D1F122B-B8F3-4ED3-8E3A-1A3EC01478F0}.Debug|Any CPU.Build.0 = Debug|Any CPU
		{0D1F122B-B8F3-4ED3-8E3A-1A3EC01478F0}.Release|Any CPU.ActiveCfg = Release|Any CPU
		{0D1F122B-B8F3-4ED3-8E3A-1A3EC01478F0}.Release|Any CPU.Build.0 = Release|Any CPU
		{FE3F1D81-521A-4655-875B-85AC09A29617}.Debug|Any CPU.ActiveCfg = Debug|Any CPU
		{FE3F1D81-521A-4655-875B-85AC09A29617}.Debug|Any CPU.Build.0 = Debug|Any CPU
		{FE3F1D81-521A-4655-875B-85AC09A29617}.Release|Any CPU.ActiveCfg = Release|Any CPU
		{FE3F1D81-521A-4655-875B-85AC09A29617}.Release|Any CPU.Build.0 = Release|Any CPU
	EndGlobalSection
	GlobalSection(SolutionProperties) = preSolution
		HideSolutionNode = FALSE
	EndGlobalSection
	GlobalSection(ExtensibilityGlobals) = postSolution
		SolutionGuid = {B5CC9C60-0CDA-44CA-AFCE-AFFEBEBD0E76}
	EndGlobalSection
EndGlobal
